{
  "name": "lawruk.com",
  "version": "1.0.0",
  "lockfileVersion": 3,
  "requires": true,
  "packages": {
    "": {
      "name": "lawruk.com",
      "version": "1.0.0",
      "license": "ISC",
      "dependencies": {
        "@arcgis/core": "4.33"
      },
      "devDependencies": {
        "typescript": "^5.9.3"
      }
    },
    "node_modules/@arcgis/core": {
      "version": "4.33.14",
      "resolved": "https://registry.npmjs.org/@arcgis/core/-/core-4.33.14.tgz",
      "integrity": "sha512-2/W8el2uGPib2NO7OoCqDx0Nniu7QlJQJr5AeU+50kVktJD3HhcwNJxqg8Jiibyml3AK0rB03HW1Ypbct7gMpg==",
      "license": "SEE LICENSE IN copyright.txt",
      "dependencies": {
        "@esri/arcgis-html-sanitizer": "~4.1.0",
        "@esri/calcite-components": "^3.2.1",
        "@vaadin/grid": "~24.7.6",
        "@zip.js/zip.js": "~2.7.62",
        "luxon": "~3.6.1",
        "marked": "~15.0.12"
      }
    },
    "node_modules/@arcgis/lumina": {
      "version": "4.34.9",
      "resolved": "https://registry.npmjs.org/@arcgis/lumina/-/lumina-4.34.9.tgz",
      "integrity": "sha512-efqO+SwR+1IYf29AATh1l2FUeypRyRINTBNkaJY+KkaFe+8gqSJ45qOmputhyzF5WTRDb7WhOYgnChjp6VYPpA==",
      "license": "SEE LICENSE IN LICENSE.md",
      "dependencies": {
        "@arcgis/toolkit": "~4.34.9",
        "csstype": "^3.1.3",
        "tslib": "^2.8.1"
      },
      "peerDependencies": {
        "@lit/context": "^1.1.5",
        "lit": "^3.3.0"
      },
      "peerDependenciesMeta": {
        "@lit/context": {
          "optional": true
        }
      }
    },
    "node_modules/@arcgis/toolkit": {
      "version": "4.34.9",
      "resolved": "https://registry.npmjs.org/@arcgis/toolkit/-/toolkit-4.34.9.tgz",
      "integrity": "sha512-wFST+eVnCwmg9NyICVyn9bsBnR+TlWklsGqG3L7xqSTgfXo6TuCThE7wtTb8xWxsTBkGvImqMUgpgLuwQuTQ1g==",
      "license": "SEE LICENSE IN LICENSE.md",
      "dependencies": {
        "tslib": "^2.8.1"
      }
    },
    "node_modules/@esri/arcgis-html-sanitizer": {
      "version": "4.1.0",
      "resolved": "https://registry.npmjs.org/@esri/arcgis-html-sanitizer/-/arcgis-html-sanitizer-4.1.0.tgz",
      "integrity": "sha512-einEveDJ/k1180NOp78PB/4Hje9eBy3dyOGLLtLn6bSkizpUfCwuYBIXOA7Y3F/k/BsTQXgKqUVwQ0eiscWMdA==",
      "license": "Apache-2.0",
      "dependencies": {
        "xss": "1.0.13"
      },
      "engines": {
        "node": ">=18.0.0"
      }
    },
    "node_modules/@esri/calcite-components": {
      "version": "3.3.3",
      "resolved": "https://registry.npmjs.org/@esri/calcite-components/-/calcite-components-3.3.3.tgz",
      "integrity": "sha512-tw+EfJ3pb+Odj71W6E9GUkm8rMbNxfW1KeiI8GgsKDzhr39hMKwY+zYYFFYuO0FONxWGvAB+B8yqB0NvH7WeHw==",
      "license": "SEE LICENSE.md",
      "dependencies": {
        "@arcgis/lumina": ">=4.34.0-next.158 <4.35.0",
        "@arcgis/toolkit": ">=4.34.0-next.158 <4.35.0",
        "@esri/calcite-ui-icons": "4.3.0",
        "@floating-ui/dom": "^1.6.12",
        "@floating-ui/utils": "^0.2.8",
        "@types/sortablejs": "^1.15.8",
        "color": "^5.0.0",
        "composed-offset-position": "^0.0.6",
        "es-toolkit": "^1.39.8",
        "focus-trap": "^7.6.5",
        "interactjs": "^1.10.27",
        "lit": "^3.3.0",
        "sortablejs": "^1.15.6",
        "timezone-groups": "^0.10.4",
        "type-fest": "^4.30.1"
      }
    },
    "node_modules/@esri/calcite-ui-icons": {
      "version": "4.3.0",
      "resolved": "https://registry.npmjs.org/@esri/calcite-ui-icons/-/calcite-ui-icons-4.3.0.tgz",
      "integrity": "sha512-iOOuRurpjFxFVw6+aXW2JpSkRBrdOpBcbdibfPOmSPqMd1aoHBtYmYXetKoH9vfrXoBiPyO2PkDnczhsu/N9IA==",
      "license": "SEE LICENSE.md",
      "bin": {
        "spriter": "bin/spriter.js"
      }
    },
    "node_modules/@floating-ui/core": {
      "version": "1.7.5",
      "resolved": "https://registry.npmjs.org/@floating-ui/core/-/core-1.7.5.tgz",
      "integrity": "sha512-1Ih4WTWyw0+lKyFMcBHGbb5U5FtuHJuujoyyr5zTaWS5EYMeT6Jb2AuDeftsCsEuchO+mM2ij5+q9crhydzLhQ==",
      "license": "MIT",
      "dependencies": {
        "@floating-ui/utils": "^0.2.11"
      }
    },
    "node_modules/@floating-ui/dom": {
      "version": "1.7.6",
      "resolved": "https://registry.npmjs.org/@floating-ui/dom/-/dom-1.7.6.tgz",
      "integrity": "sha512-9gZSAI5XM36880PPMm//9dfiEngYoC6Am2izES1FF406YFsjvyBMmeJ2g4SAju3xWwtuynNRFL2s9hgxpLI5SQ==",
      "license": "MIT",
      "dependencies": {
        "@floating-ui/core": "^1.7.5",
        "@floating-ui/utils": "^0.2.11"
      }
    },
    "node_modules/@floating-ui/utils": {
      "version": "0.2.11",
      "resolved": "https://registry.npmjs.org/@floating-ui/utils/-/utils-0.2.11.tgz",
      "integrity": "sha512-RiB/yIh78pcIxl6lLMG0CgBXAZ2Y0eVHqMPYugu+9U0AeT6YBeiJpf7lbdJNIugFP5SIjwNRgo4DhR1Qxi26Gg==",
      "license": "MIT"
    },
    "node_modules/@interactjs/types": {
      "version": "1.10.27",
      "resolved": "https://registry.npmjs.org/@interactjs/types/-/types-1.10.27.tgz",
      "integrity": "sha512-BUdv0cvs4H5ODuwft2Xp4eL8Vmi3LcihK42z0Ft/FbVJZoRioBsxH+LlsBdK4tAie7PqlKGy+1oyOncu1nQ6eA==",
      "license": "MIT"
    },
    "node_modules/@lit-labs/ssr-dom-shim": {
      "version": "1.5.1",
      "resolved": "https://registry.npmjs.org/@lit-labs/ssr-dom-shim/-/ssr-dom-shim-1.5.1.tgz",
      "integrity": "sha512-Aou5UdlSpr5whQe8AA/bZG0jMj96CoJIWbGfZ91qieWu5AWUMKw8VR/pAkQkJYvBNhmCcWnZlyyk5oze8JIqYA==",
      "license": "BSD-3-Clause"
    },
    "node_modules/@lit/reactive-element": {
      "version": "2.1.2",
      "resolved": "https://registry.npmjs.org/@lit/reactive-element/-/reactive-element-2.1.2.tgz",
      "integrity": "sha512-pbCDiVMnne1lYUIaYNN5wrwQXDtHaYtg7YEFPeW+hws6U47WeFvISGUWekPGKWOP1ygrs0ef0o1VJMk1exos5A==",
      "license": "BSD-3-Clause",
      "dependencies": {
        "@lit-labs/ssr-dom-shim": "^1.5.0"
      }
    },
    "node_modules/@open-wc/dedupe-mixin": {
      "version": "1.4.0",
      "resolved": "https://registry.npmjs.org/@open-wc/dedupe-mixin/-/dedupe-mixin-1.4.0.tgz",
      "integrity": "sha512-Sj7gKl1TLcDbF7B6KUhtvr+1UCxdhMbNY5KxdU5IfMFWqL8oy1ZeAcCANjoB1TL0AJTcPmcCFsCbHf8X2jGDUA==",
      "license": "MIT"
    },
    "node_modules/@polymer/polymer": {
      "version": "3.5.2",
      "resolved": "https://registry.npmjs.org/@polymer/polymer/-/polymer-3.5.2.tgz",
      "integrity": "sha512-fWwImY/UH4bb2534DVSaX+Azs2yKg8slkMBHOyGeU2kKx7Xmxp6Lee0jP8p6B3d7c1gFUPB2Z976dTUtX81pQA==",
      "license": "BSD-3-Clause",
      "dependencies": {
        "@webcomponents/shadycss": "^1.9.1"
      }
    },
    "node_modules/@types/sortablejs": {
      "version": "1.15.9",
      "resolved": "https://registry.npmjs.org/@types/sortablejs/-/sortablejs-1.15.9.tgz",
      "integrity": "sha512-7HP+rZGE2p886PKV9c9OJzLBI6BBJu1O7lJGYnPyG3fS4/duUCcngkNCjsLwIMV+WMqANe3tt4irrXHSIe68OQ==",
      "license": "MIT"
    },
    "node_modules/@types/trusted-types": {
      "version": "2.0.7",
      "resolved": "https://registry.npmjs.org/@types/trusted-types/-/trusted-types-2.0.7.tgz",
      "integrity": "sha512-ScaPdn1dQczgbl0QFTeTOmVHFULt394XJgOQNoyVhZ6r2vLnMLJfBPd53SB52T/3G36VI1/g2MZaX0cwDuXsfw==",
      "license": "MIT"
    },
    "node_modules/@vaadin/a11y-base": {
      "version": "24.7.12",
      "resolved": "https://registry.npmjs.org/@vaadin/a11y-base/-/a11y-base-24.7.12.tgz",
      "integrity": "sha512-y/wWMADMmcXmY9sJ/TF+xh+HP+nE4Jc61SpW/D98c5zrLnf4cFlqTJEl8YwLDv80HtG78ieyzMHhvw9Wv96sdQ==",
      "license": "Apache-2.0",
      "dependencies": {
        "@open-wc/dedupe-mixin": "^1.3.0",
        "@polymer/polymer": "^3.0.0",
        "@vaadin/component-base": "~24.7.12",
        "lit": "^3.0.0"
      }
    },
    "node_modules/@vaadin/checkbox": {
      "version": "24.7.12",
      "resolved": "https://registry.npmjs.org/@vaadin/checkbox/-/checkbox-24.7.12.tgz",
      "integrity": "sha512-9zERd1yc2FUhP3/NLdSITVg1QiRE9hiLbyIBRBEmkkuiU/zTRAAlDndFLeZKGDkIEtbLoz2Dcg5DoNNFnLA6qg==",
      "license": "Apache-2.0",
      "dependencies": {
        "@open-wc/dedupe-mixin": "^1.3.0",
        "@polymer/polymer": "^3.0.0",
        "@vaadin/a11y-base": "~24.7.12",
        "@vaadin/component-base": "~24.7.12",
        "@vaadin/field-base": "~24.7.12",
        "@vaadin/vaadin-lumo-styles": "~24.7.12",
        "@vaadin/vaadin-material-styles": "~24.7.12",
        "@vaadin/vaadin-themable-mixin": "~24.7.12",
        "lit": "^3.0.0"
      }
    },
    "node_modules/@vaadin/component-base": {
      "version": "24.7.12",
      "resolved": "https://registry.npmjs.org/@vaadin/component-base/-/component-base-24.7.12.tgz",
      "integrity": "sha512-GuHHRxaQKW7p5RIZxAqGEhYCSqF4CLpxXB/IPY4IW+4G/SzoIe8EqyneNnUSoKMoAFkBp0+A6tlJoWR9uvLTnQ==",
      "license": "Apache-2.0",
      "dependencies": {
        "@open-wc/dedupe-mixin": "^1.3.0",
        "@polymer/polymer": "^3.0.0",
        "@vaadin/vaadin-development-mode-detector": "^2.0.0",
        "@vaadin/vaadin-usage-statistics": "^2.1.0",
        "lit": "^3.0.0"
      }
    },
    "node_modules/@vaadin/field-base": {
      "version": "24.7.12",
      "resolved": "https://registry.npmjs.org/@vaadin/field-base/-/field-base-24.7.12.tgz",
      "integrity": "sha512-DNnFkhlShRLsZ6LJZq9VhtG+pexObp9sNkk22Lx3g9PyrpuEllTJwGw/jEUE9jyI8dsgkCHRVZ+krxE026NFsg==",
      "license": "Apache-2.0",
      "dependencies": {
        "@open-wc/dedupe-mixin": "^1.3.0",
        "@polymer/polymer": "^3.0.0",
        "@vaadin/a11y-base": "~24.7.12",
        "@vaadin/component-base": "~24.7.12",
        "lit": "^3.0.0"
      }
    },
    "node_modules/@vaadin/grid": {
      "version": "24.7.12",
      "resolved": "https://registry.npmjs.org/@vaadin/grid/-/grid-24.7.12.tgz",
      "integrity": "sha512-ks1NfM6o4XJcECETaXBrNCGtCL6nWj1yfLOAHycQ6h+P8dd1UO63ZuLEVl+Ii+kymS2xHmUgJx9EoNrPIqxdlw==",
      "license": "Apache-2.0",
      "dependencies": {
        "@open-wc/dedupe-mixin": "^1.3.0",
        "@polymer/polymer": "^3.0.0",
        "@vaadin/a11y-base": "~24.7.12",
        "@vaadin/checkbox": "~24.7.12",
        "@vaadin/component-base": "~24.7.12",
        "@vaadin/lit-renderer": "~24.7.12",
        "@vaadin/text-field": "~24.7.12",
        "@vaadin/vaadin-lumo-styles": "~24.7.12",
        "@vaadin/vaadin-material-styles": "~24.7.12",
        "@vaadin/vaadin-themable-mixin": "~24.7.12",
        "lit": "^3.0.0"
      }
    },
    "node_modules/@vaadin/icon": {
      "version": "24.7.12",
      "resolved": "https://registry.npmjs.org/@vaadin/icon/-/icon-24.7.12.tgz",
      "integrity": "sha512-8oLr69l22cAw2K+FNd3sCdhw+yWhU5Z1tlp8ZGUTTgyClvpe9pDIdZfBX4pQXnSx6QPNc3CrOaVZkx7n5WQqJg==",
      "license": "Apache-2.0",
      "dependencies": {
        "@open-wc/dedupe-mixin": "^1.3.0",
        "@polymer/polymer": "^3.0.0",
        "@vaadin/component-base": "~24.7.12",
        "@vaadin/vaadin-lumo-styles": "~24.7.12",
        "@vaadin/vaadin-themable-mixin": "~24.7.12",
        "lit": "^3.0.0"
      }
    },
    "node_modules/@vaadin/input-container": {
      "version": "24.7.12",
      "resolved": "https://registry.npmjs.org/@vaadin/input-container/-/input-container-24.7.12.tgz",
      "integrity": "sha512-1oc21Owe9nI/t41TsdVan4b9pa8AjZZl/3t9o6X9XL/E4dHpFcj3lezlHEg92TBNzHm+6DcVPo/kZP29iahWEg==",
      "license": "Apache-2.0",
      "dependencies": {
        "@polymer/polymer": "^3.0.0",
        "@vaadin/component-base": "~24.7.12",
        "@vaadin/vaadin-lumo-styles": "~24.7.12",
        "@vaadin/vaadin-material-styles": "~24.7.12",
        "@vaadin/vaadin-themable-mixin": "~24.7.12",
        "lit": "^3.0.0"
      }
    },
    "node_modules/@vaadin/lit-renderer": {
      "version": "24.7.12",
      "resolved": "https://registry.npmjs.org/@vaadin/lit-renderer/-/lit-renderer-24.7.12.tgz",
      "integrity": "sha512-AjPoLJBUuOJfmnpJpWYDoTDpH3+cXX+YJso7Acm0Ec1PeFAc9PvwGZBLlQK64juvTzejMLVFWYaU4bhn2rXVLA==",
      "license": "Apache-2.0",
      "dependencies": {
        "lit": "^3.0.0"
      }
    },
    "node_modules/@vaadin/text-field": {
      "version": "24.7.12",
      "resolved": "https://registry.npmjs.org/@vaadin/text-field/-/text-field-24.7.12.tgz",
      "integrity": "sha512-Zymu/9pAg9+FtWLBVpI1Hiev3SCc2mVLCqq7x17pSVD1Kp3Pcd/HIU3v1MivihUx1z7t9Kt0cNk84T9NDADjDw==",
      "license": "Apache-2.0",
      "dependencies": {
        "@open-wc/dedupe-mixin": "^1.3.0",
        "@polymer/polymer": "^3.0.0",
        "@vaadin/a11y-base": "~24.7.12",
        "@vaadin/component-base": "~24.7.12",
        "@vaadin/field-base": "~24.7.12",
        "@vaadin/input-container": "~24.7.12",
        "@vaadin/vaadin-lumo-styles": "~24.7.12",
        "@vaadin/vaadin-material-styles": "~24.7.12",
        "@vaadin/vaadin-themable-mixin": "~24.7.12",
        "lit": "^3.0.0"
      }
    },
    "node_modules/@vaadin/vaadin-development-mode-detector": {
      "version": "2.0.7",
      "resolved": "https://registry.npmjs.org/@vaadin/vaadin-development-mode-detector/-/vaadin-development-mode-detector-2.0.7.tgz",
      "integrity": "sha512-9FhVhr0ynSR3X2ao+vaIEttcNU5XfzCbxtmYOV8uIRnUCtNgbvMOIcyGBvntsX9I5kvIP2dV3cFAOG9SILJzEA==",
      "license": "Apache-2.0"
    },
    "node_modules/@vaadin/vaadin-lumo-styles": {
      "version": "24.7.12",
      "resolved": "https://registry.npmjs.org/@vaadin/vaadin-lumo-styles/-/vaadin-lumo-styles-24.7.12.tgz",
      "integrity": "sha512-KMpOEb5uB/JVBGF94pQb5mIbtb6/6tZ2QzfZ1II4/JpKsp7pgpySy5tZFoZrb8M8miOj01sAkSaH99N0DST8dA==",
      "license": "Apache-2.0",
      "dependencies": {
        "@polymer/polymer": "^3.0.0",
        "@vaadin/component-base": "~24.7.12",
        "@vaadin/icon": "~24.7.12",
        "@vaadin/vaadin-themable-mixin": "~24.7.12"
      }
    },
    "node_modules/@vaadin/vaadin-material-styles": {
      "version": "24.7.12",
      "resolved": "https://registry.npmjs.org/@vaadin/vaadin-material-styles/-/vaadin-material-styles-24.7.12.tgz",
      "integrity": "sha512-WXXA2I+tOt1yxHYn57Boc2fdyLD7kIj5jX8GQMVkBW9nHN9oRfKO8beurmE2Am6Tz/HEMBtybx9ysY1k39TwBQ==",
      "license": "Apache-2.0",
      "dependencies": {
        "@polymer/polymer": "^3.0.0",
        "@vaadin/component-base": "~24.7.12",
        "@vaadin/vaadin-themable-mixin": "~24.7.12"
      }
    },
    "node_modules/@vaadin/vaadin-themable-mixin": {
      "version": "24.7.12",
      "resolved": "https://registry.npmjs.org/@vaadin/vaadin-themable-mixin/-/vaadin-themable-mixin-24.7.12.tgz",
      "integrity": "sha512-BkpnhYj3olUzNlgIhu518//tHJsoCBWabUmfdQCN8MTdT2AjkHDZNjoRy+dL1sbJyhl9EFCACXP+f8q1Qxawsw==",
      "license": "Apache-2.0",
      "dependencies": {
        "@open-wc/dedupe-mixin": "^1.3.0",
        "lit": "^3.0.0"
      }
    },
    "node_modules/@vaadin/vaadin-usage-statistics": {
      "version": "2.1.3",
      "resolved": "https://registry.npmjs.org/@vaadin/vaadin-usage-statistics/-/vaadin-usage-statistics-2.1.3.tgz",
      "integrity": "sha512-8r4TNknD7OJQADe3VygeofFR7UNAXZ2/jjBFP5dgI8+2uMfnuGYgbuHivasKr9WSQ64sPej6m8rDoM1uSllXjQ==",
      "hasInstallScript": true,
      "license": "Apache-2.0",
      "dependencies": {
        "@vaadin/vaadin-development-mode-detector": "^2.0.0"
      },
      "engines": {
        "node": "^12.20.0 || ^14.13.1 || >=16.0.0"
      }
    },
    "node_modules/@webcomponents/shadycss": {
      "version": "1.11.2",
      "resolved": "https://registry.npmjs.org/@webcomponents/shadycss/-/shadycss-1.11.2.tgz",
      "integrity": "sha512-vRq+GniJAYSBmTRnhCYPAPq6THYqovJ/gzGThWbgEZUQaBccndGTi1hdiUP15HzEco0I6t4RCtXyX0rsSmwgPw==",
      "license": "BSD-3-Clause"
    },
    "node_modules/@zip.js/zip.js": {
      "version": "2.7.73",
      "resolved": "https://registry.npmjs.org/@zip.js/zip.js/-/zip.js-2.7.73.tgz",
      "integrity": "sha512-I2UP8/rdQE5hTtVVL08B7P8XuwXiKuuMUPjNuFOVL/9b+8IsExR9S5jz2H58u0rJjU4M1BikLgqEMG8gZJZVBw==",
      "license": "BSD-3-Clause",
      "engines": {
        "bun": ">=0.7.0",
        "deno": ">=1.0.0",
        "node": ">=16.5.0"
      }
    },
    "node_modules/color": {
      "version": "5.0.3",
      "resolved": "https://registry.npmjs.org/color/-/color-5.0.3.tgz",
      "integrity": "sha512-ezmVcLR3xAVp8kYOm4GS45ZLLgIE6SPAFoduLr6hTDajwb3KZ2F46gulK3XpcwRFb5KKGCSezCBAY4Dw4HsyXA==",
      "license": "MIT",
      "dependencies": {
        "color-convert": "^3.1.3",
        "color-string": "^2.1.3"
      },
      "engines": {
        "node": ">=18"
      }
    },
    "node_modules/color-convert": {
      "version": "3.1.3",
      "resolved": "https://registry.npmjs.org/color-convert/-/color-convert-3.1.3.tgz",
      "integrity": "sha512-fasDH2ont2GqF5HpyO4w0+BcewlhHEZOFn9c1ckZdHpJ56Qb7MHhH/IcJZbBGgvdtwdwNbLvxiBEdg336iA9Sg==",
      "license": "MIT",
      "dependencies": {
        "color-name": "^2.0.0"
      },
      "engines": {
        "node": ">=14.6"
      }
    },
    "node_modules/color-name": {
      "version": "2.1.0",
      "resolved": "https://registry.npmjs.org/color-name/-/color-name-2.1.0.tgz",
      "integrity": "sha512-1bPaDNFm0axzE4MEAzKPuqKWeRaT43U/hyxKPBdqTfmPF+d6n7FSoTFxLVULUJOmiLp01KjhIPPH+HrXZJN4Rg==",
      "license": "MIT",
      "engines": {
        "node": ">=12.20"
      }
    },
    "node_modules/color-string": {
      "version": "2.1.4",
      "resolved": "https://registry.npmjs.org/color-string/-/color-string-2.1.4.tgz",
      "integrity": "sha512-Bb6Cq8oq0IjDOe8wJmi4JeNn763Xs9cfrBcaylK1tPypWzyoy2G3l90v9k64kjphl/ZJjPIShFztenRomi8WTg==",
      "license": "MIT",
      "dependencies": {
        "color-name": "^2.0.0"
      },
      "engines": {
        "node": ">=18"
      }
    },
    "node_modules/composed-offset-position": {
      "version": "0.0.6",
      "resolved": "https://registry.npmjs.org/composed-offset-position/-/composed-offset-position-0.0.6.tgz",
      "integrity": "sha512-Q7dLompI6lUwd7LWyIcP66r4WcS9u7AL2h8HaeipiRfCRPLMWqRx8fYsjb4OHi6UQFifO7XtNC2IlEJ1ozIFxw==",
      "license": "MIT",
      "peerDependencies": {
        "@floating-ui/utils": "^0.2.5"
      }
    },
    "node_modules/cssfilter": {
      "version": "0.0.10",
      "resolved": "https://registry.npmjs.org/cssfilter/-/cssfilter-0.0.10.tgz",
      "integrity": "sha512-FAaLDaplstoRsDR8XGYH51znUN0UY7nMc6Z9/fvE8EXGwvJE9hu7W2vHwx1+bd6gCYnln9nLbzxFTrcO9YQDZw==",
      "license": "MIT"
    },
    "node_modules/csstype": {
      "version": "3.2.3",
      "resolved": "https://registry.npmjs.org/csstype/-/csstype-3.2.3.tgz",
      "integrity": "sha512-z1HGKcYy2xA8AGQfwrn0PAy+PB7X/GSj3UVJW9qKyn43xWa+gl5nXmU4qqLMRzWVLFC8KusUX8T/0kCiOYpAIQ==",
      "license": "MIT"
    },
    "node_modules/es-toolkit": {
      "version": "1.45.1",
      "resolved": "https://registry.npmjs.org/es-toolkit/-/es-toolkit-1.45.1.tgz",
      "integrity": "sha512-/jhoOj/Fx+A+IIyDNOvO3TItGmlMKhtX8ISAHKE90c4b/k1tqaqEZ+uUqfpU8DMnW5cgNJv606zS55jGvza0Xw==",
      "license": "MIT",
      "workspaces": [
        "docs",
        "benchmarks"
      ]
    },
    "node_modules/focus-trap": {
      "version": "7.8.0",
      "resolved": "https://registry.npmjs.org/focus-trap/-/focus-trap-7.8.0.tgz",
      "integrity": "sha512-/yNdlIkpWbM0ptxno3ONTuf+2g318kh2ez3KSeZN5dZ8YC6AAmgeWz+GasYYiBJPFaYcSAPeu4GfhUaChzIJXA==",
      "license": "MIT",
      "dependencies": {
        "tabbable": "^6.4.0"
      }
    },
    "node_modules/interactjs": {
      "version": "1.10.27",
      "resolved": "https://registry.npmjs.org/interactjs/-/interactjs-1.10.27.tgz",
      "integrity": "sha512-y/8RcCftGAF24gSp76X2JS3XpHiUvDQyhF8i7ujemBz77hwiHDuJzftHx7thY8cxGogwGiPJ+o97kWB6eAXnsA==",
      "license": "MIT",
      "dependencies": {
        "@interactjs/types": "1.10.27"
      }
    },
    "node_modules/lit": {
      "version": "3.3.2",
      "resolved": "https://registry.npmjs.org/lit/-/lit-3.3.2.tgz",
      "integrity": "sha512-NF9zbsP79l4ao2SNrH3NkfmFgN/hBYSQo90saIVI1o5GpjAdCPVstVzO1MrLOakHoEhYkrtRjPK6Ob521aoYWQ==",
      "license": "BSD-3-Clause",
      "dependencies": {
        "@lit/reactive-element": "^2.1.0",
        "lit-element": "^4.2.0",
        "lit-html": "^3.3.0"
      }
    },
    "node_modules/lit-element": {
      "version": "4.2.2",
      "resolved": "https://registry.npmjs.org/lit-element/-/lit-element-4.2.2.tgz",
      "integrity": "sha512-aFKhNToWxoyhkNDmWZwEva2SlQia+jfG0fjIWV//YeTaWrVnOxD89dPKfigCUspXFmjzOEUQpOkejH5Ly6sG0w==",
      "license": "BSD-3-Clause",
      "dependencies": {
        "@lit-labs/ssr-dom-shim": "^1.5.0",
        "@lit/reactive-element": "^2.1.0",
        "lit-html": "^3.3.0"
      }
    },
    "node_modules/lit-html": {
      "version": "3.3.2",
      "resolved": "https://registry.npmjs.org/lit-html/-/lit-html-3.3.2.tgz",
      "integrity": "sha512-Qy9hU88zcmaxBXcc10ZpdK7cOLXvXpRoBxERdtqV9QOrfpMZZ6pSYP91LhpPtap3sFMUiL7Tw2RImbe0Al2/kw==",
      "license": "BSD-3-Clause",
      "dependencies": {
        "@types/trusted-types": "^2.0.2"
      }
    },
    "node_modules/luxon": {
      "version": "3.6.1",
      "resolved": "https://registry.npmjs.org/luxon/-/luxon-3.6.1.tgz",
      "integrity": "sha512-tJLxrKJhO2ukZ5z0gyjY1zPh3Rh88Ej9P7jNrZiHMUXHae1yvI2imgOZtL1TO8TW6biMMKfTtAOoEJANgtWBMQ==",
      "license": "MIT",
      "engines": {
        "node": ">=12"
      }
    },
    "node_modules/marked": {
      "version": "15.0.12",
      "resolved": "https://registry.npmjs.org/marked/-/marked-15.0.12.tgz",
      "integrity": "sha512-8dD6FusOQSrpv9Z1rdNMdlSgQOIP880DHqnohobOmYLElGEqAL/JvxvuxZO16r4HtjTlfPRDC1hbvxC9dPN2nA==",
      "license": "MIT",
      "bin": {
        "marked": "bin/marked.js"
      },
      "engines": {
        "node": ">= 18"
      }
    },
    "node_modules/sortablejs": {
      "version": "1.15.7",
      "resolved": "https://registry.npmjs.org/sortablejs/-/sortablejs-1.15.7.tgz",
      "integrity": "sha512-Kk8wLQPlS+yi1ZEf48a4+fzHa4yxjC30M/Sr2AnQu+f/MPwvvX9XjZ6OWejiz8crBsLwSq8GHqaxaET7u6ux0A==",
      "license": "MIT"
    },
    "node_modules/tabbable": {
      "version": "6.4.0",
      "resolved": "https://registry.npmjs.org/tabbable/-/tabbable-6.4.0.tgz",
      "integrity": "sha512-05PUHKSNE8ou2dwIxTngl4EzcnsCDZGJ/iCLtDflR/SHB/ny14rXc+qU5P4mG9JkusiV7EivzY9Mhm55AzAvCg==",
      "license": "MIT"
    },
    "node_modules/timezone-groups": {
      "version": "0.10.4",
      "resolved": "https://registry.npmjs.org/timezone-groups/-/timezone-groups-0.10.4.tgz",
      "integrity": "sha512-AnkJYrbb7uPkDCEqGeVJiawZNiwVlSkkeX4jZg1gTEguClhyX+/Ezn07KB6DT29tG3UN418ldmS/W6KqGOTDjg==",
      "license": "MIT",
      "engines": {
        "node": ">=18.12.0"
      }
    },
    "node_modules/tslib": {
      "version": "2.8.1",
      "resolved": "https://registry.npmjs.org/tslib/-/tslib-2.8.1.tgz",
      "integrity": "sha512-oJFu94HQb+KVduSUQL7wnpmqnfmLsOA/nAh6b6EH0wCEoK0/mPeXU6c3wKDV83MkOuHPRHtSXKKU99IBazS/2w==",
      "license": "0BSD"
    },
    "node_modules/type-fest": {
      "version": "4.41.0",
      "resolved": "https://registry.npmjs.org/type-fest/-/type-fest-4.41.0.tgz",
      "integrity": "sha512-TeTSQ6H5YHvpqVwBRcnLDCBnDOHWYu7IvGbHT6N8AOymcr9PJGjc1GTtiWZTYg0NCgYwvnYWEkVChQAr9bjfwA==",
      "license": "(MIT OR CC0-1.0)",
      "engines": {
        "node": ">=16"
      },
      "funding": {
        "url": "https://github.com/sponsors/sindresorhus"
      }
    },
    "node_modules/typescript": {
      "version": "5.9.3",
      "resolved": "https://registry.npmjs.org/typescript/-/typescript-5.9.3.tgz",
      "integrity": "sha512-jl1vZzPDinLr9eUt3J/t7V6FgNEw9QjvBPdysz9KfQDD41fQrC2Y4vKQdiaUpFT4bXlb1RHhLpp8wtm6M5TgSw==",
      "dev": true,
      "license": "Apache-2.0",
      "bin": {
        "tsc": "bin/tsc",
        "tsserver": "bin/tsserver"
      },
      "engines": {
        "node": ">=14.17"
      }
    },
    "node_modules/xss": {
      "version": "1.0.13",
      "resolved": "https://registry.npmjs.org/xss/-/xss-1.0.13.tgz",
      "integrity": "sha512-clu7dxTm1e8Mo5fz3n/oW3UCXBfV89xZ72jM8yzo1vR/pIS0w3sgB3XV2H8Vm6zfGnHL0FzvLJPJEBhd86/z4Q==",
      "license": "MIT",
      "dependencies": {
        "commander": "^2.20.3",
        "cssfilter": "0.0.10"
      },
      "bin": {
        "xss": "bin/xss"
      },
      "engines": {
        "node": ">= 0.10.0"
      }
    },
    "node_modules/xss/node_modules/commander": {
      "version": "2.20.3",
      "resolved": "https://registry.npmjs.org/commander/-/commander-2.20.3.tgz",
      "integrity": "sha512-GpVkmM8vF2vQUkj2LvZmD35JxeJOLCwJ9cUkugyk2nuhbv3+mJvpLYYt+0+USMxE+oj+ey/lJEnhZw75x/OMcQ==",
      "license": "MIT"
    }
  }
}
